{
  "name": "cardcontroller",
  "lockfileVersion": 2,
  "requires": true,
  "packages": {
    "": {
      "dependencies": {
        "onsenui": "^2.12.1"
      }
    },
    "node_modules/onsenui": {
      "version": "2.12.1",
      "resolved": "https://registry.npmjs.org/onsenui/-/onsenui-2.12.1.tgz",
      "integrity": "sha512-04XpmNFhQEek2qHcISVKd34+El5DfyLd40xiHejmhzFxgJDhJLSySJxYvOrLcgBqlrSEWnqCxLd54Jy8YRCIbA==",
      "engines": {
        "node": ">= 4.0.0"
      }
    }
  },
  "dependencies": {
    "onsenui": {
      "version": "2.12.1",
      "resolved": "https://registry.npmjs.org/onsenui/-/onsenui-2.12.1.tgz",
      "integrity": "sha512-04XpmNFhQEek2qHcISVKd34+El5DfyLd40xiHejmhzFxgJDhJLSySJxYvOrLcgBqlrSEWnqCxLd54Jy8YRCIbA=="
    }
  }
}
